// !$*UTF8*$!
{
	archiveVersion = 1;
	classes = {
	};
	objectVersion = 56;
	objects = {

/* Begin PBXBuildFile section */
		14F390A0FB0744A1635FE909 /* NewSessionSheet.swift in Sources */ = {isa = PBXBuildFile; fileRef = 50C5431D8B2C6FB139085EBA /* NewSessionSheet.swift */; };
		1E6C8D2C5C4039424F22F6A6 /* MessageViews.swift in Sources */ = {isa = PBXBuildFile; fileRef = 83E3B0D3FACB59F3A892BD2D /* MessageViews.swift */; };
		21E06ECD48D9C560A235AD5D /* Persistence.swift in Sources */ = {isa = PBXBuildFile; fileRef = 29446867C7FD0EE8D7786242 /* Persistence.swift */; };
		226561278FBBD7423ECD85AE /* Library.swift in Sources */ = {isa = PBXBuildFile; fileRef = DC660CFC4A7EC15D309C47AB /* Library.swift */; };
		251DCAC1FF13F816291E9CD1 /* ComposerView.swift in Sources */ = {isa = PBXBuildFile; fileRef = ADC1E90730C8CD37F4614A89 /* ComposerView.swift */; };
		307351AE5765CD782A395E43 /* Catalog.swift in Sources */ = {isa = PBXBuildFile; fileRef = A55CC9AB8CEF2AA45304DE1E /* Catalog.swift */; };
		31A372656E112BEAA5DD9DBD /* ACPClient.swift in Sources */ = {isa = PBXBuildFile; fileRef = D6C97A28CF31CBC623962735 /* ACPClient.swift */; };
		562089F7A597B43FDEFA73BF /* Seed.swift in Sources */ = {isa = PBXBuildFile; fileRef = 004941A9F01D8401F7CEEEFF /* Seed.swift */; };
		59ADC9C47BE6296163917B33 /* MosaicView.swift in Sources */ = {isa = PBXBuildFile; fileRef = 4C74711E38F6392B66A75839 /* MosaicView.swift */; };
		5D5D1E0AFE4AD5779D875A97 /* FilePicking.swift in Sources */ = {isa = PBXBuildFile; fileRef = F442A3FDA8062349AF12F0D9 /* FilePicking.swift */; };
		673DD08E748D78BFFD47E538 /* SessionPane.swift in Sources */ = {isa = PBXBuildFile; fileRef = 6CD7B587A8AF34BFF0C86568 /* SessionPane.swift */; };
		71D30226E2C717126E505934 /* ParseAgent.swift in Sources */ = {isa = PBXBuildFile; fileRef = 219D73954742FD8A289126E9 /* ParseAgent.swift */; };
		7299998B4ED173DC4198F24B /* HTTPAgent.swift in Sources */ = {isa = PBXBuildFile; fileRef = E2EBAE36E321C3DEFB602C16 /* HTTPAgent.swift */; };
		78543E00BD106AC8EAF7768B /* LibraryView.swift in Sources */ = {isa = PBXBuildFile; fileRef = C647B667B267740720D55A11 /* LibraryView.swift */; };
		8879F0F923865C7D5C87BF62 /* SidebarView.swift in Sources */ = {isa = PBXBuildFile; fileRef = ECDFBF7321A3EBE8B442BD4C /* SidebarView.swift */; };
		888A3D2C044C8FE7681C106D /* Prompts.swift in Sources */ = {isa = PBXBuildFile; fileRef = 042D91D0BC7003772DA753D8 /* Prompts.swift */; };
		90B6A629E88DA00F618D3408 /* WestCodeMark.swift in Sources */ = {isa = PBXBuildFile; fileRef = 737B45825427FF3C23AAE52A /* WestCodeMark.swift */; };
		9218F4C5FACEB995B80C7CF6 /* WestCodeApp.swift in Sources */ = {isa = PBXBuildFile; fileRef = 1D66C6F898F601AA3246F695 /* WestCodeApp.swift */; };
		98864C215B338A88251FFD1D /* Assets.xcassets in Resources */ = {isa = PBXBuildFile; fileRef = 79444C6164518E5F0A9F0F24 /* Assets.xcassets */; };
		AA9731499749369574BEBD14 /* Models.swift in Sources */ = {isa = PBXBuildFile; fileRef = A5132A06E0570027EFF22859 /* Models.swift */; };
		BDDD188B57DBE2DA839F1AC7 /* AgentRuntime.swift in Sources */ = {isa = PBXBuildFile; fileRef = 29A3D7025A22DA819E9ED6C1 /* AgentRuntime.swift */; };
		C220122ED7C43A418C53A505 /* ProvidersView.swift in Sources */ = {isa = PBXBuildFile; fileRef = 368706F9134DADE28194EDF9 /* ProvidersView.swift */; };
		D588155E9DAEE6F1506C7AB0 /* AppState.swift in Sources */ = {isa = PBXBuildFile; fileRef = EC958965BF24FBCF389DA88C /* AppState.swift */; };
		E5C1E158E56508957C753905 /* ContentView.swift in Sources */ = {isa = PBXBuildFile; fileRef = F45195E42EE5D79DF7D40EF6 /* ContentView.swift */; };
		F15E10875C10B4232CBA6FB0 /* OnboardingView.swift in Sources */ = {isa = PBXBuildFile; fileRef = 8BA0F93E7205569D1865C9EF /* OnboardingView.swift */; };
		F2DB18E248763C225198A2CA /* Theme.swift in Sources */ = {isa = PBXBuildFile; fileRef = 2B781181FCE37A3B0EEA0EBC /* Theme.swift */; };
		FA1423994904CD0D18AE8873 /* Providers.swift in Sources */ = {isa = PBXBuildFile; fileRef = 1B05910FA9F7DBD84659AF94 /* Providers.swift */; };
/* End PBXBuildFile section */

/* Begin PBXFileReference section */
		004941A9F01D8401F7CEEEFF /* Seed.swift */ = {isa = PBXFileReference; lastKnownFileType = sourcecode.swift; path = Seed.swift; sourceTree = "<group>"; };
		042D91D0BC7003772DA753D8 /* Prompts.swift */ = {isa = PBXFileReference; lastKnownFileType = sourcecode.swift; path = Prompts.swift; sourceTree = "<group>"; };
		1B05910FA9F7DBD84659AF94 /* Providers.swift */ = {isa = PBXFileReference; lastKnownFileType = sourcecode.swift; path = Providers.swift; sourceTree = "<group>"; };
		1D66C6F898F601AA3246F695 /* WestCodeApp.swift */ = {isa = PBXFileReference; lastKnownFileType = sourcecode.swift; path = WestCodeApp.swift; sourceTree = "<group>"; };
		219D73954742FD8A289126E9 /* ParseAgent.swift */ = {isa = PBXFileReference; lastKnownFileType = sourcecode.swift; path = ParseAgent.swift; sourceTree = "<group>"; };
		29446867C7FD0EE8D7786242 /* Persistence.swift */ = {isa = PBXFileReference; lastKnownFileType = sourcecode.swift; path = Persistence.swift; sourceTree = "<group>"; };
		29A3D7025A22DA819E9ED6C1 /* AgentRuntime.swift */ = {isa = PBXFileReference; lastKnownFileType = sourcecode.swift; path = AgentRuntime.swift; sourceTree = "<group>"; };
		2B781181FCE37A3B0EEA0EBC /* Theme.swift */ = {isa = PBXFileReference; lastKnownFileType = sourcecode.swift; path = Theme.swift; sourceTree = "<group>"; };
		368706F9134DADE28194EDF9 /* ProvidersView.swift */ = {isa = PBXFileReference; lastKnownFileType = sourcecode.swift; path = ProvidersView.swift; sourceTree = "<group>"; };
		4C74711E38F6392B66A75839 /* MosaicView.swift */ = {isa = PBXFileReference; lastKnownFileType = sourcecode.swift; path = MosaicView.swift; sourceTree = "<group>"; };
		50C5431D8B2C6FB139085EBA /* NewSessionSheet.swift */ = {isa = PBXFileReference; lastKnownFileType = sourcecode.swift; path = NewSessionSheet.swift; sourceTree = "<group>"; };
		6CD7B587A8AF34BFF0C86568 /* SessionPane.swift */ = {isa = PBXFileReference; lastKnownFileType = sourcecode.swift; path = SessionPane.swift; sourceTree = "<group>"; };
		737B45825427FF3C23AAE52A /* WestCodeMark.swift */ = {isa = PBXFileReference; lastKnownFileType = sourcecode.swift; path = WestCodeMark.swift; sourceTree = "<group>"; };
		79444C6164518E5F0A9F0F24 /* Assets.xcassets */ = {isa = PBXFileReference; lastKnownFileType = folder.assetcatalog; path = Assets.xcassets; sourceTree = "<group>"; };
		83E3B0D3FACB59F3A892BD2D /* MessageViews.swift */ = {isa = PBXFileReference; lastKnownFileType = sourcecode.swift; path = MessageViews.swift; sourceTree = "<group>"; };
		8BA0F93E7205569D1865C9EF /* OnboardingView.swift */ = {isa = PBXFileReference; lastKnownFileType = sourcecode.swift; path = OnboardingView.swift; sourceTree = "<group>"; };
		A5132A06E0570027EFF22859 /* Models.swift */ = {isa = PBXFileReference; lastKnownFileType = sourcecode.swift; path = Models.swift; sourceTree = "<group>"; };
		A55CC9AB8CEF2AA45304DE1E /* Catalog.swift */ = {isa = PBXFileReference; lastKnownFileType = sourcecode.swift; path = Catalog.swift; sourceTree = "<group>"; };
		A83090826F543C5614977921 /* WestCode.entitlements */ = {isa = PBXFileReference; lastKnownFileType = text.plist.entitlements; path = WestCode.entitlements; sourceTree = "<group>"; };
		ADC1E90730C8CD37F4614A89 /* ComposerView.swift */ = {isa = PBXFileReference; lastKnownFileType = sourcecode.swift; path = ComposerView.swift; sourceTree = "<group>"; };
		C647B667B267740720D55A11 /* LibraryView.swift */ = {isa = PBXFileReference; lastKnownFileType = sourcecode.swift; path = LibraryView.swift; sourceTree = "<group>"; };
		D6C97A28CF31CBC623962735 /* ACPClient.swift */ = {isa = PBXFileReference; lastKnownFileType = sourcecode.swift; path = ACPClient.swift; sourceTree = "<group>"; };
		DC660CFC4A7EC15D309C47AB /* Library.swift */ = {isa = PBXFileReference; lastKnownFileType = sourcecode.swift; path = Library.swift; sourceTree = "<group>"; };
		E2EBAE36E321C3DEFB602C16 /* HTTPAgent.swift */ = {isa = PBXFileReference; lastKnownFileType = sourcecode.swift; path = HTTPAgent.swift; sourceTree = "<group>"; };
		EC958965BF24FBCF389DA88C /* AppState.swift */ = {isa = PBXFileReference; lastKnownFileType = sourcecode.swift; path = AppState.swift; sourceTree = "<group>"; };
		ECDFBF7321A3EBE8B442BD4C /* SidebarView.swift */ = {isa = PBXFileReference; lastKnownFileType = sourcecode.swift; path = SidebarView.swift; sourceTree = "<group>"; };
		F442A3FDA8062349AF12F0D9 /* FilePicking.swift */ = {isa = PBXFileReference; lastKnownFileType = sourcecode.swift; path = FilePicking.swift; sourceTree = "<group>"; };
		F45195E42EE5D79DF7D40EF6 /* ContentView.swift */ = {isa = PBXFileReference; lastKnownFileType = sourcecode.swift; path = ContentView.swift; sourceTree = "<group>"; };
		FE9E249C9A341A93AE4A17E5 /* WestCode.app */ = {isa = PBXFileReference; explicitFileType = wrapper.application; includeInIndex = 0; path = WestCode.app; sourceTree = BUILT_PRODUCTS_DIR; };
/* End PBXFileReference section */

/* Begin PBXFrameworksBuildPhase section */
		89794FAC3AEEAF10650E1AC6 /* Frameworks */ = {
			isa = PBXFrameworksBuildPhase;
			buildActionMask = 2147483647;
			files = (
			);
			runOnlyForDeploymentPostprocessing = 0;
		};
/* End PBXFrameworksBuildPhase section */

/* Begin PBXGroup section */
		7E264FBD667FAB50F23D0BA6 /* Runtime */ = {
			isa = PBXGroup;
			children = (
				29446867C7FD0EE8D7786242 /* Persistence.swift */,
				F442A3FDA8062349AF12F0D9 /* FilePicking.swift */,
				E2EBAE36E321C3DEFB602C16 /* HTTPAgent.swift */,
				D6C97A28CF31CBC623962735 /* ACPClient.swift */,
				29A3D7025A22DA819E9ED6C1 /* AgentRuntime.swift */,
			);
			path = Runtime;
			sourceTree = "<group>";
		};
		C4C3492F5C34D8C2996A39B0 /* WestCode */ = {
			isa = PBXGroup;
			children = (
				1D66C6F898F601AA3246F695 /* WestCodeApp.swift */,
				2B781181FCE37A3B0EEA0EBC /* Theme.swift */,
				A5132A06E0570027EFF22859 /* Models.swift */,
				A55CC9AB8CEF2AA45304DE1E /* Catalog.swift */,
				1B05910FA9F7DBD84659AF94 /* Providers.swift */,
				DC660CFC4A7EC15D309C47AB /* Library.swift */,
				004941A9F01D8401F7CEEEFF /* Seed.swift */,
				042D91D0BC7003772DA753D8 /* Prompts.swift */,
				219D73954742FD8A289126E9 /* ParseAgent.swift */,
				737B45825427FF3C23AAE52A /* WestCodeMark.swift */,
				EC958965BF24FBCF389DA88C /* AppState.swift */,
				7E264FBD667FAB50F23D0BA6 /* Runtime */,
				EC976313E90932808AE213F9 /* Views */,
				79444C6164518E5F0A9F0F24 /* Assets.xcassets */,
				A83090826F543C5614977921 /* WestCode.entitlements */,
			);
			path = WestCode;
			sourceTree = "<group>";
		};
		D2AC42AEC0E5AB19845C7FC7 = {
			isa = PBXGroup;
			children = (
				C4C3492F5C34D8C2996A39B0 /* WestCode */,
				DC486BA24DD7F337FAEA0589 /* Products */,
			);
			sourceTree = "<group>";
		};
		DC486BA24DD7F337FAEA0589 /* Products */ = {
			isa = PBXGroup;
			children = (
				FE9E249C9A341A93AE4A17E5 /* WestCode.app */,
			);
			name = Products;
			sourceTree = "<group>";
		};
		EC976313E90932808AE213F9 /* Views */ = {
			isa = PBXGroup;
			children = (
				F45195E42EE5D79DF7D40EF6 /* ContentView.swift */,
				ECDFBF7321A3EBE8B442BD4C /* SidebarView.swift */,
				4C74711E38F6392B66A75839 /* MosaicView.swift */,
				6CD7B587A8AF34BFF0C86568 /* SessionPane.swift */,
				83E3B0D3FACB59F3A892BD2D /* MessageViews.swift */,
				ADC1E90730C8CD37F4614A89 /* ComposerView.swift */,
				50C5431D8B2C6FB139085EBA /* NewSessionSheet.swift */,
				368706F9134DADE28194EDF9 /* ProvidersView.swift */,
				C647B667B267740720D55A11 /* LibraryView.swift */,
				8BA0F93E7205569D1865C9EF /* OnboardingView.swift */,
			);
			path = Views;
			sourceTree = "<group>";
		};
/* End PBXGroup section */

/* Begin PBXNativeTarget section */
		FBE7216222CAF5F4EB32565E /* WestCode */ = {
			isa = PBXNativeTarget;
			buildConfigurationList = 32C54F8C277C29EB06247822 /* Build configuration list for PBXNativeTarget "WestCode" */;
			buildPhases = (
				2AB4928FD3DEA38ED6BC3090 /* Sources */,
				89794FAC3AEEAF10650E1AC6 /* Frameworks */,
				49C0A14C68E0EBEAD5BA21B2 /* Resources */,
			);
			buildRules = (
			);
			dependencies = (
			);
			name = WestCode;
			productName = WestCode;
			productReference = FE9E249C9A341A93AE4A17E5 /* WestCode.app */;
			productType = "com.apple.product-type.application";
		};
/* End PBXNativeTarget section */

/* Begin PBXProject section */
		F4CECEA2976B7FA6D18902B4 /* Project object */ = {
			isa = PBXProject;
			attributes = {
				BuildIndependentTargetsInParallel = 1;
				LastSwiftUpdateCheck = 1500;
				LastUpgradeCheck = 1500;
				TargetAttributes = {
					FBE7216222CAF5F4EB32565E = {
						CreatedOnToolsVersion = 15.0;
					};
				};
			};
			buildConfigurationList = 2425F0C2487F2D4B2F661D3D /* Build configuration list for PBXProject "WestCode" */;
			compatibilityVersion = "Xcode 14.0";
			developmentRegion = en;
			hasScannedForEncodings = 0;
			knownRegions = (
				en,
				Base,
			);
			mainGroup = D2AC42AEC0E5AB19845C7FC7;
			productRefGroup = DC486BA24DD7F337FAEA0589 /* Products */;
			projectDirPath = "";
			projectRoot = "";
			targets = (
				FBE7216222CAF5F4EB32565E /* WestCode */,
			);
		};
/* End PBXProject section */

/* Begin PBXResourcesBuildPhase section */
		49C0A14C68E0EBEAD5BA21B2 /* Resources */ = {
			isa = PBXResourcesBuildPhase;
			buildActionMask = 2147483647;
			files = (
				98864C215B338A88251FFD1D /* Assets.xcassets in Resources */,
			);
			runOnlyForDeploymentPostprocessing = 0;
		};
/* End PBXResourcesBuildPhase section */

/* Begin PBXSourcesBuildPhase section */
		2AB4928FD3DEA38ED6BC3090 /* Sources */ = {
			isa = PBXSourcesBuildPhase;
			buildActionMask = 2147483647;
			files = (
				9218F4C5FACEB995B80C7CF6 /* WestCodeApp.swift in Sources */,
				F2DB18E248763C225198A2CA /* Theme.swift in Sources */,
				AA9731499749369574BEBD14 /* Models.swift in Sources */,
				307351AE5765CD782A395E43 /* Catalog.swift in Sources */,
				FA1423994904CD0D18AE8873 /* Providers.swift in Sources */,
				226561278FBBD7423ECD85AE /* Library.swift in Sources */,
				562089F7A597B43FDEFA73BF /* Seed.swift in Sources */,
				888A3D2C044C8FE7681C106D /* Prompts.swift in Sources */,
				71D30226E2C717126E505934 /* ParseAgent.swift in Sources */,
				90B6A629E88DA00F618D3408 /* WestCodeMark.swift in Sources */,
				D588155E9DAEE6F1506C7AB0 /* AppState.swift in Sources */,
				21E06ECD48D9C560A235AD5D /* Persistence.swift in Sources */,
				5D5D1E0AFE4AD5779D875A97 /* FilePicking.swift in Sources */,
				7299998B4ED173DC4198F24B /* HTTPAgent.swift in Sources */,
				31A372656E112BEAA5DD9DBD /* ACPClient.swift in Sources */,
				BDDD188B57DBE2DA839F1AC7 /* AgentRuntime.swift in Sources */,
				E5C1E158E56508957C753905 /* ContentView.swift in Sources */,
				8879F0F923865C7D5C87BF62 /* SidebarView.swift in Sources */,
				59ADC9C47BE6296163917B33 /* MosaicView.swift in Sources */,
				673DD08E748D78BFFD47E538 /* SessionPane.swift in Sources */,
				1E6C8D2C5C4039424F22F6A6 /* MessageViews.swift in Sources */,
				251DCAC1FF13F816291E9CD1 /* ComposerView.swift in Sources */,
				14F390A0FB0744A1635FE909 /* NewSessionSheet.swift in Sources */,
				C220122ED7C43A418C53A505 /* ProvidersView.swift in Sources */,
				78543E00BD106AC8EAF7768B /* LibraryView.swift in Sources */,
				F15E10875C10B4232CBA6FB0 /* OnboardingView.swift in Sources */,
			);
			runOnlyForDeploymentPostprocessing = 0;
		};
/* End PBXSourcesBuildPhase section */

/* Begin XCBuildConfiguration section */
		54A7EC8CBBF8763680B4B069 /* Debug */ = {
			isa = XCBuildConfiguration;
			buildSettings = {
				ALWAYS_SEARCH_USER_PATHS = NO;
				CLANG_ANALYZER_NONNULL = YES;
				CLANG_ANALYZER_NUMBER_OBJECT_CONVERSION = YES_AGGRESSIVE;
				CLANG_CXX_LANGUAGE_STANDARD = "gnu++20";
				CLANG_ENABLE_MODULES = YES;
				CLANG_ENABLE_OBJC_ARC = YES;
				CLANG_ENABLE_OBJC_WEAK = YES;
				COPY_PHASE_STRIP = NO;
				DEAD_CODE_STRIPPING = YES;
				DEBUG_INFORMATION_FORMAT = dwarf;
				ENABLE_STRICT_OBJC_MSGSEND = YES;
				ENABLE_TESTABILITY = YES;
				GCC_C_LANGUAGE_STANDARD = gnu17;
				GCC_DYNAMIC_NO_PIC = NO;
				GCC_NO_COMMON_BLOCKS = YES;
				GCC_OPTIMIZATION_LEVEL = 0;
				GCC_PREPROCESSOR_DEFINITIONS = (
					"DEBUG=1",
					"$(inherited)",
				);
				GCC_WARN_64_TO_32_BIT_CONVERSION = YES;
				GCC_WARN_ABOUT_RETURN_TYPE = YES_ERROR;
				GCC_WARN_UNDECLARED_SELECTOR = YES;
				GCC_WARN_UNINITIALIZED_AUTOS = YES_AGGRESSIVE;
				GCC_WARN_UNUSED_FUNCTION = YES;
				GCC_WARN_UNUSED_VARIABLE = YES;
				MACOSX_DEPLOYMENT_TARGET = 14.0;
				MTL_ENABLE_DEBUG_INFO = INCLUDE_SOURCE;
				MTL_FAST_MATH = YES;
				ONLY_ACTIVE_ARCH = YES;
				SDKROOT = macosx;
				SWIFT_ACTIVE_COMPILATION_CONDITIONS = DEBUG;
				SWIFT_OPTIMIZATION_LEVEL = "-Onone";
				SWIFT_VERSION = 5.0;
			};
			name = Debug;
		};
		80AAECE61E6D70D06AB702F7 /* Release */ = {
			isa = XCBuildConfiguration;
			buildSettings = {
				ASSETCATALOG_COMPILER_APPICON_NAME = AppIcon;
				ASSETCATALOG_COMPILER_GLOBAL_ACCENT_COLOR_NAME = AccentColor;
				CODE_SIGN_ENTITLEMENTS = WestCode/WestCode.entitlements;
				CODE_SIGN_IDENTITY = "-";
				"CODE_SIGN_IDENTITY[sdk=macosx*]" = "Apple Development";
				CODE_SIGN_STYLE = Automatic;
				COMBINE_HIDPI_IMAGES = YES;
				CURRENT_PROJECT_VERSION = 1;
				DEVELOPMENT_ASSET_PATHS = "";
				DEVELOPMENT_TEAM = R7BRR46TY2;
				ENABLE_APP_SANDBOX = NO;
				ENABLE_HARDENED_RUNTIME = NO;
				ENABLE_PREVIEWS = YES;
				ENABLE_USER_SCRIPT_SANDBOXING = YES;
				GENERATE_INFOPLIST_FILE = YES;
				INFOPLIST_KEY_CFBundleDisplayName = WestCode;
				INFOPLIST_KEY_LSApplicationCategoryType = "public.app-category.developer-tools";
				INFOPLIST_KEY_NSHumanReadableCopyright = "Copyright © 2026 WestCode";
				LD_RUNPATH_SEARCH_PATHS = (
					"$(inherited)",
					"@executable_path/../Frameworks",
				);
				MACOSX_DEPLOYMENT_TARGET = 14.0;
				MARKETING_VERSION = 1.0;
				PRODUCT_BUNDLE_IDENTIFIER = app.westcode.desktop;
				PRODUCT_NAME = "$(TARGET_NAME)";
				SDKROOT = macosx;
				SUPPORTED_PLATFORMS = macosx;
				SUPPORTS_MACCATALYST = NO;
				SUPPORTS_MAC_DESIGNED_FOR_IPHONE_IPAD = NO;
				SWIFT_EMIT_LOC_STRINGS = YES;
				SWIFT_STRICT_CONCURRENCY = minimal;
				SWIFT_VERSION = 5.0;
			};
			name = Release;
		};
		C8D0DB95C88A433C8903C1F0 /* Release */ = {
			isa = XCBuildConfiguration;
			buildSettings = {
				ALWAYS_SEARCH_USER_PATHS = NO;
				CLANG_ANALYZER_NONNULL = YES;
				CLANG_ANALYZER_NUMBER_OBJECT_CONVERSION = YES_AGGRESSIVE;
				CLANG_CXX_LANGUAGE_STANDARD = "gnu++20";
				CLANG_ENABLE_MODULES = YES;
				CLANG_ENABLE_OBJC_ARC = YES;
				CLANG_ENABLE_OBJC_WEAK = YES;
				COPY_PHASE_STRIP = NO;
				DEAD_CODE_STRIPPING = YES;
				DEBUG_INFORMATION_FORMAT = "dwarf-with-dsym";
				ENABLE_NS_ASSERTIONS = NO;
				ENABLE_STRICT_OBJC_MSGSEND = YES;
				GCC_C_LANGUAGE_STANDARD = gnu17;
				GCC_NO_COMMON_BLOCKS = YES;
				GCC_WARN_64_TO_32_BIT_CONVERSION = YES;
				GCC_WARN_ABOUT_RETURN_TYPE = YES_ERROR;
				GCC_WARN_UNDECLARED_SELECTOR = YES;
				GCC_WARN_UNINITIALIZED_AUTOS = YES_AGGRESSIVE;
				GCC_WARN_UNUSED_FUNCTION = YES;
				GCC_WARN_UNUSED_VARIABLE = YES;
				MACOSX_DEPLOYMENT_TARGET = 14.0;
				MTL_ENABLE_DEBUG_INFO = NO;
				MTL_FAST_MATH = YES;
				SDKROOT = macosx;
				SWIFT_COMPILATION_MODE = wholemodule;
				SWIFT_OPTIMIZATION_LEVEL = "-O";
				SWIFT_VERSION = 5.0;
			};
			name = Release;
		};
		DA85FA1572811D2E02F7D653 /* Debug */ = {
			isa = XCBuildConfiguration;
			buildSettings = {
				ASSETCATALOG_COMPILER_APPICON_NAME = AppIcon;
				ASSETCATALOG_COMPILER_GLOBAL_ACCENT_COLOR_NAME = AccentColor;
				CODE_SIGN_ENTITLEMENTS = WestCode/WestCode.entitlements;
				CODE_SIGN_IDENTITY = "-";
				"CODE_SIGN_IDENTITY[sdk=macosx*]" = "Apple Development";
				CODE_SIGN_STYLE = Automatic;
				COMBINE_HIDPI_IMAGES = YES;
				CURRENT_PROJECT_VERSION = 1;
				DEVELOPMENT_ASSET_PATHS = "";
				DEVELOPMENT_TEAM = R7BRR46TY2;
				ENABLE_APP_SANDBOX = NO;
				ENABLE_HARDENED_RUNTIME = NO;
				ENABLE_PREVIEWS = YES;
				ENABLE_USER_SCRIPT_SANDBOXING = YES;
				GENERATE_INFOPLIST_FILE = YES;
				INFOPLIST_KEY_CFBundleDisplayName = WestCode;
				INFOPLIST_KEY_LSApplicationCategoryType = "public.app-category.developer-tools";
				INFOPLIST_KEY_NSHumanReadableCopyright = "Copyright © 2026 WestCode";
				LD_RUNPATH_SEARCH_PATHS = (
					"$(inherited)",
					"@executable_path/../Frameworks",
				);
				MACOSX_DEPLOYMENT_TARGET = 14.0;
				MARKETING_VERSION = 1.0;
				PRODUCT_BUNDLE_IDENTIFIER = app.westcode.desktop;
				PRODUCT_NAME = "$(TARGET_NAME)";
				SDKROOT = macosx;
				SUPPORTED_PLATFORMS = macosx;
				SUPPORTS_MACCATALYST = NO;
				SUPPORTS_MAC_DESIGNED_FOR_IPHONE_IPAD = NO;
				SWIFT_EMIT_LOC_STRINGS = YES;
				SWIFT_STRICT_CONCURRENCY = minimal;
				SWIFT_VERSION = 5.0;
			};
			name = Debug;
		};
/* End XCBuildConfiguration section */

/* Begin XCConfigurationList section */
		2425F0C2487F2D4B2F661D3D /* Build configuration list for PBXProject "WestCode" */ = {
			isa = XCConfigurationList;
			buildConfigurations = (
				54A7EC8CBBF8763680B4B069 /* Debug */,
				C8D0DB95C88A433C8903C1F0 /* Release */,
			);
			defaultConfigurationIsVisible = 0;
			defaultConfigurationName = Release;
		};
		32C54F8C277C29EB06247822 /* Build configuration list for PBXNativeTarget "WestCode" */ = {
			isa = XCConfigurationList;
			buildConfigurations = (
				DA85FA1572811D2E02F7D653 /* Debug */,
				80AAECE61E6D70D06AB702F7 /* Release */,
			);
			defaultConfigurationIsVisible = 0;
			defaultConfigurationName = Release;
		};
/* End XCConfigurationList section */
	};
	rootObject = F4CECEA2976B7FA6D18902B4 /* Project object */;
}
